
Microsoft Visual Studio Solution File, Format Version 12.00
# Visual Studio 15
VisualStudioVersion = 15.0.28307.1062
MinimumVisualStudioVersion = 10.0.40219.1
Project("{FAE04EC0-301F-11D3-BF4B-00C04F79EFBC}") = "hAuto01", "hAuto01\hAuto01.csproj", "{4B4031D4-8EB0-48AD-BFAA-C69D9A83A753}"
EndProject
Global
	GlobalSection(SolutionConfigurationPlatforms) = preSolution
		Debug|Any CPU = Debug|Any CPU
		Release|Any CPU = Release|Any CPU
	EndGlobalSection
	GlobalSection(ProjectConfigurationPlatforms) = postSolution
		{4B4031D4-8EB0-48AD-BFAA-C69D9A83A753}.Debug|Any CPU.ActiveCfg = Debug|Any CPU
		{4B4031D4-8EB0-48AD-BFAA-C69D9A83A753}.Debug|Any CPU.Build.0 = Debug|Any CPU
		{4B4031D4-8EB0-48AD-BFAA-C69D9A83A753}.Release|Any CPU.ActiveCfg = Release|Any CPU
		{4B4031D4-8EB0-48AD-BFAA-C69D9A83A753}.Release|Any CPU.Build.0 = Release|Any CPU
	EndGlobalSection
	GlobalSection(SolutionProperties) = preSolution
		HideSolutionNode = FALSE
	EndGlobalSection
	GlobalSection(ExtensibilityGlobals) = postSolution
		SolutionGuid = {A0EF3016-817A-4B34-80DB-971B5DE39BE8}
	EndGlobalSection
EndGlobal
